
Microsoft Visual Studio Solution File, Format Version 12.00
# Visual Studio Version 16
VisualStudioVersion = 16.0.31129.286
MinimumVisualStudioVersion = 10.0.40219.1
Project("{FAE04EC0-301F-11D3-BF4B-00C04F79EFBC}") = "NuGetPackageDemo", "NuGetPackageDemo\NuGetPackageDemo.csproj", "{8205F560-F73A-42B4-8743-647A58BC369C}"
EndProject
Global
	GlobalSection(SolutionConfigurationPlatforms) = preSolution
		Debug|Any CPU = Debug|Any CPU
		Release|Any CPU = Release|Any CPU
	EndGlobalSection
	GlobalSection(ProjectConfigurationPlatforms) = postSolution
		{8205F560-F73A-42B4-8743-647A58BC369C}.Debug|Any CPU.ActiveCfg = Debug|Any CPU
		{8205F560-F73A-42B4-8743-647A58BC369C}.Debug|Any CPU.Build.0 = Debug|Any CPU
		{8205F560-F73A-42B4-8743-647A58BC369C}.Release|Any CPU.ActiveCfg = Release|Any CPU
		{8205F560-F73A-42B4-8743-647A58BC369C}.Release|Any CPU.Build.0 = Release|Any CPU
	EndGlobalSection
	GlobalSection(SolutionProperties) = preSolution
		HideSolutionNode = FALSE
	EndGlobalSection
	GlobalSection(ExtensibilityGlobals) = postSolution
		SolutionGuid = {50311773-BA47-4B66-BDB7-9A2C3EC980BF}
	EndGlobalSection
EndGlobal
